{
  "schema_version": "1.0.0",
  "selected_profile": "lean-4.32.1-mathlib-4.32.1-linux-amd64",
  "lean": {
    "project": "leanprover/lean4",
    "release": "v4.32.1",
    "release_commit": "f054605aea4b840552cca2e725580bffd1e1b704",
    "toolchain_name": "leanprover/lean4:v4.32.1",
    "artifact": "lean-4.32.1-linux.zip",
    "url": "https://github.com/leanprover/lean4/releases/download/v4.32.1/lean-4.32.1-linux.zip",
    "bytes": 880073749,
    "sha256": "c53ab9cce3e1ad3c749d7adcbe8f03fdfc4e2642847d63d32c575ca39914242d"
  },
  "lean_windows": {
    "project": "leanprover/lean4",
    "release": "v4.32.1",
    "release_commit": "f054605aea4b840552cca2e725580bffd1e1b704",
    "toolchain_name": "leanprover/lean4:v4.32.1",
    "artifact": "lean-4.32.1-windows.zip",
    "url": "https://github.com/leanprover/lean4/releases/download/v4.32.1/lean-4.32.1-windows.zip",
    "bytes": 832108412,
    "sha256": "255f8e25d68c4644f9ae33e52a5d645b7b1dfc216803816011df7bf42edbdcdf"
  },
  "mathlib": {
    "project": "leanprover-community/mathlib4",
    "release": "v4.32.1",
    "commit": "520045ab14e26149ee970e2e617ca04b09bde5d6",
    "upstream_lean_toolchain_sha256": "8e3538e0ab5f81a3ee04927d8838c8c674e0e112838b4b3ce87ec218143276af",
    "upstream_lake_manifest_sha256": "015c7e00ead0f05f2a72b32d9bdef782d4689d05a6297f0ceb0ab5d196c164bd",
    "dependency_lock": "formal/proofs/dependencies.lock.json"
  },
  "selection_reason": "Lean and mathlib are pinned to the latest mutually matching stable tags observed during T005. Newer Lean releases are not selected until a matching stable mathlib dependency graph is available and reviewed.",
  "update_policy": "Update Lean and mathlib together to matching stable releases, pin full commits and artifact SHA-256 values, regenerate the complete dependency lock, review license hashes, rebuild every mandatory theorem without sorry and invalidate prior theorem/report evidence."
}
